// !$*UTF8*$!
{
	archiveVersion = 1;
	classes = {
	};
	objectVersion = 46;
	objects = {

/* Begin PBXBuildFile section */
		2ED41AD41AB50CFE00BA8CBE /* AppDelegate.swift in Sources */ = {isa = PBXBuildFile; fileRef = 2ED41AD31AB50CFE00BA8CBE /* AppDelegate.swift */; };
		2ED41AD61AB50CFE00BA8CBE /* ViewController.swift in Sources */ = {isa = PBXBuildFile; fileRef = 2ED41AD51AB50CFE00BA8CBE /* ViewController.swift */; };
		2ED41AD91AB50CFE00BA8CBE /* Main.storyboard in Resources */ = {isa = PBXBuildFile; fileRef = 2ED41AD71AB50CFE00BA8CBE /* Main.storyboard */; };
		2ED41ADB1AB50CFE00BA8CBE /* Images.xcassets in Resources */ = {isa = PBXBuildFile; fileRef = 2ED41ADA1AB50CFE00BA8CBE /* Images.xcassets */; };
		2ED41ADE1AB50CFE00BA8CBE /* LaunchScreen.xib in Resources */ = {isa = PBXBuildFile; fileRef = 2ED41ADC1AB50CFE00BA8CBE /* LaunchScreen.xib */; };
		2ED41AEA1AB50CFE00BA8CBE /* AnimationTests.swift in Sources */ = {isa = PBXBuildFile; fileRef = 2ED41AE91AB50CFE00BA8CBE /* AnimationTests.swift */; };
/* End PBXBuildFile section */

/* Begin PBXContainerItemProxy section */
		2ED41AE41AB50CFE00BA8CBE /* PBXContainerItemProxy */ = {
			isa = PBXContainerItemProxy;
			containerPortal = 2ED41AC61AB50CFE00BA8CBE /* Project object */;
			proxyType = 1;
			remoteGlobalIDString = 2ED41ACD1AB50CFE00BA8CBE;
			remoteInfo = Animation;
		};
/* End PBXContainerItemProxy section */

/* Begin PBXFileReference section */
		2ED41ACE1AB50CFE00BA8CBE /* Animation.app */ = {isa = PBXFileReference; explicitFileType = wrapper.application; includeInIndex = 0; path = Animation.app; sourceTree = BUILT_PRODUCTS_DIR; };
		2ED41AD21AB50CFE00BA8CBE /* Info.plist */ = {isa = PBXFileReference; lastKnownFileType = text.plist.xml; path = Info.plist; sourceTree = "<group>"; };
		2ED41AD31AB50CFE00BA8CBE /* AppDelegate.swift */ = {isa = PBXFileReference; lastKnownFileType = sourcecode.swift; path = AppDelegate.swift; sourceTree = "<group>"; };
		2ED41AD51AB50CFE00BA8CBE /* ViewController.swift */ = {isa = PBXFileReference; lastKnownFileType = sourcecode.swift; path = ViewController.swift; sourceTree = "<group>"; };
		2ED41AD81AB50CFE00BA8CBE /* Base */ = {isa = PBXFileReference; lastKnownFileType = file.storyboard; name = Base; path = Base.lproj/Main.storyboard; sourceTree = "<group>"; };
		2ED41ADA1AB50CFE00BA8CBE /* Images.xcassets */ = {isa = PBXFileReference; lastKnownFileType = folder.assetcatalog; path = Images.xcassets; sourceTree = "<group>"; };
		2ED41ADD1AB50CFE00BA8CBE /* Base */ = {isa = PBXFileReference; lastKnownFileType = file.xib; name = Base; path = Base.lproj/LaunchScreen.xib; sourceTree = "<group>"; };
		2ED41AE31AB50CFE00BA8CBE /* AnimationTests.xctest */ = {isa = PBXFileReference; explicitFileType = wrapper.cfbundle; includeInIndex = 0; path = AnimationTests.xctest; sourceTree = BUILT_PRODUCTS_DIR; };
		2ED41AE81AB50CFE00BA8CBE /* Info.plist */ = {isa = PBXFileReference; lastKnownFileType = text.plist.xml; path = Info.plist; sourceTree = "<group>"; };
		2ED41AE91AB50CFE00BA8CBE /* AnimationTests.swift */ = {isa = PBXFileReference; lastKnownFileType = sourcecode.swift; path = AnimationTests.swift; sourceTree = "<group>"; };
/* End PBXFileReference section */

/* Begin PBXFrameworksBuildPhase section */
		2ED41ACB1AB50CFE00BA8CBE /* Frameworks */ = {
			isa = PBXFrameworksBuildPhase;
			buildActionMask = 2147483647;
			files = (
			);
			runOnlyForDeploymentPostprocessing = 0;
		};
		2ED41AE01AB50CFE00BA8CBE /* Frameworks */ = {
			isa = PBXFrameworksBuildPhase;
			buildActionMask = 2147483647;
			files = (
			);
			runOnlyForDeploymentPostprocessing = 0;
		};
/* End PBXFrameworksBuildPhase section */

/* Begin PBXGroup section */
		2ED41AC51AB50CFE00BA8CBE = {
			isa = PBXGroup;
			children = (
				2ED41AD01AB50CFE00BA8CBE /* Animation */,
				2ED41AE61AB50CFE00BA8CBE /* AnimationTests */,
				2ED41ACF1AB50CFE00BA8CBE /* Products */,
			);
			sourceTree = "<group>";
		};
		2ED41ACF1AB50CFE00BA8CBE /* Products */ = {
			isa = PBXGroup;
			children = (
				2ED41ACE1AB50CFE00BA8CBE /* Animation.app */,
				2ED41AE31AB50CFE00BA8CBE /* AnimationTests.xctest */,
			);
			name = Products;
			sourceTree = "<group>";
		};
		2ED41AD01AB50CFE00BA8CBE /* Animation */ = {
			isa = PBXGroup;
			children = (
				2ED41AD31AB50CFE00BA8CBE /* AppDelegate.swift */,
				2ED41AD51AB50CFE00BA8CBE /* ViewController.swift */,
				2ED41AD71AB50CFE00BA8CBE /* Main.storyboard */,
				2ED41ADA1AB50CFE00BA8CBE /* Images.xcassets */,
				2ED41ADC1AB50CFE00BA8CBE /* LaunchScreen.xib */,
				2ED41AD11AB50CFE00BA8CBE /* Supporting Files */,
			);
			path = Animation;
			sourceTree = "<group>";
		};
		2ED41AD11AB50CFE00BA8CBE /* Supporting Files */ = {
			isa = PBXGroup;
			children = (
				2ED41AD21AB50CFE00BA8CBE /* Info.plist */,
			);
			name = "Supporting Files";
			sourceTree = "<group>";
		};
		2ED41AE61AB50CFE00BA8CBE /* AnimationTests */ = {
			isa = PBXGroup;
			children = (
				2ED41AE91AB50CFE00BA8CBE /* AnimationTests.swift */,
				2ED41AE71AB50CFE00BA8CBE /* Supporting Files */,
			);
			path = AnimationTests;
			sourceTree = "<group>";
		};
		2ED41AE71AB50CFE00BA8CBE /* Supporting Files */ = {
			isa = PBXGroup;
			children = (
				2ED41AE81AB50CFE00BA8CBE /* Info.plist */,
			);
			name = "Supporting Files";
			sourceTree = "<group>";
		};
/* End PBXGroup section */

/* Begin PBXNativeTarget section */
		2ED41ACD1AB50CFE00BA8CBE /* Animation */ = {
			isa = PBXNativeTarget;
			buildConfigurationList = 2ED41AED1AB50CFE00BA8CBE /* Build configuration list for PBXNativeTarget "Animation" */;
			buildPhases = (
				2ED41ACA1AB50CFE00BA8CBE /* Sources */,
				2ED41ACB1AB50CFE00BA8CBE /* Frameworks */,
				2ED41ACC1AB50CFE00BA8CBE /* Resources */,
			);
			buildRules = (
			);
			dependencies = (
			);
			name = Animation;
			productName = Animation;
			productReference = 2ED41ACE1AB50CFE00BA8CBE /* Animation.app */;
			productType = "com.apple.product-type.application";
		};
		2ED41AE21AB50CFE00BA8CBE /* AnimationTests */ = {
			isa = PBXNativeTarget;
			buildConfigurationList = 2ED41AF01AB50CFE00BA8CBE /* Build configuration list for PBXNativeTarget "AnimationTests" */;
			buildPhases = (
				2ED41ADF1AB50CFE00BA8CBE /* Sources */,
				2ED41AE01AB50CFE00BA8CBE /* Frameworks */,
				2ED41AE11AB50CFE00BA8CBE /* Resources */,
			);
			buildRules = (
			);
			dependencies = (
				2ED41AE51AB50CFE00BA8CBE /* PBXTargetDependency */,
			);
			name = AnimationTests;
			productName = AnimationTests;
			productReference = 2ED41AE31AB50CFE00BA8CBE /* AnimationTests.xctest */;
			productType = "com.apple.product-type.bundle.unit-test";
		};
/* End PBXNativeTarget section */

/* Begin PBXProject section */
		2ED41AC61AB50CFE00BA8CBE /* Project object */ = {
			isa = PBXProject;
			attributes = {
				LastUpgradeCheck = 0610;
				ORGANIZATIONNAME = "Thomas Degry";
				TargetAttributes = {
					2ED41ACD1AB50CFE00BA8CBE = {
						CreatedOnToolsVersion = 6.1.1;
					};
					2ED41AE21AB50CFE00BA8CBE = {
						CreatedOnToolsVersion = 6.1.1;
						TestTargetID = 2ED41ACD1AB50CFE00BA8CBE;
					};
				};
			};
			buildConfigurationList = 2ED41AC91AB50CFE00BA8CBE /* Build configuration list for PBXProject "Animation" */;
			compatibilityVersion = "Xcode 3.2";
			developmentRegion = English;
			hasScannedForEncodings = 0;
			knownRegions = (
				en,
				Base,
			);
			mainGroup = 2ED41AC51AB50CFE00BA8CBE;
			productRefGroup = 2ED41ACF1AB50CFE00BA8CBE /* Products */;
			projectDirPath = "";
			projectRoot = "";
			targets = (
				2ED41ACD1AB50CFE00BA8CBE /* Animation */,
				2ED41AE21AB50CFE00BA8CBE /* AnimationTests */,
			);
		};
/* End PBXProject section */

/* Begin PBXResourcesBuildPhase section */
		2ED41ACC1AB50CFE00BA8CBE /* Resources */ = {
			isa = PBXResourcesBuildPhase;
			buildActionMask = 2147483647;
			files = (
				2ED41AD91AB50CFE00BA8CBE /* Main.storyboard in Resources */,
				2ED41ADE1AB50CFE00BA8CBE /* LaunchScreen.xib in Resources */,
				2ED41ADB1AB50CFE00BA8CBE /* Images.xcassets in Resources */,
			);
			runOnlyForDeploymentPostprocessing = 0;
		};
		2ED41AE11AB50CFE00BA8CBE /* Resources */ = {
			isa = PBXResourcesBuildPhase;
			buildActionMask = 2147483647;
			files = (
			);
			runOnlyForDeploymentPostprocessing = 0;
		};
/* End PBXResourcesBuildPhase section */

/* Begin PBXSourcesBuildPhase section */
		2ED41ACA1AB50CFE00BA8CBE /* Sources */ = {
			isa = PBXSourcesBuildPhase;
			buildActionMask = 2147483647;
			files = (
				2ED41AD61AB50CFE00BA8CBE /* ViewController.swift in Sources */,
				2ED41AD41AB50CFE00BA8CBE /* AppDelegate.swift in Sources */,
			);
			runOnlyForDeploymentPostprocessing = 0;
		};
		2ED41ADF1AB50CFE00BA8CBE /* Sources */ = {
			isa = PBXSourcesBuildPhase;
			buildActionMask = 2147483647;
			files = (
				2ED41AEA1AB50CFE00BA8CBE /* AnimationTests.swift in Sources */,
			);
			runOnlyForDeploymentPostprocessing = 0;
		};
/* End PBXSourcesBuildPhase section */

/* Begin PBXTargetDependency section */
		2ED41AE51AB50CFE00BA8CBE /* PBXTargetDependency */ = {
			isa = PBXTargetDependency;
			target = 2ED41ACD1AB50CFE00BA8CBE /* Animation */;
			targetProxy = 2ED41AE41AB50CFE00BA8CBE /* PBXContainerItemProxy */;
		};
/* End PBXTargetDependency section */

/* Begin PBXVariantGroup section */
		2ED41AD71AB50CFE00BA8CBE /* Main.storyboard */ = {
			isa = PBXVariantGroup;
			children = (
				2ED41AD81AB50CFE00BA8CBE /* Base */,
			);
			name = Main.storyboard;
			sourceTree = "<group>";
		};
		2ED41ADC1AB50CFE00BA8CBE /* LaunchScreen.xib */ = {
			isa = PBXVariantGroup;
			children = (
				2ED41ADD1AB50CFE00BA8CBE /* Base */,
			);
			name = LaunchScreen.xib;
			sourceTree = "<group>";
		};
/* End PBXVariantGroup section */

/* Begin XCBuildConfiguration section */
		2ED41AEB1AB50CFE00BA8CBE /* Debug */ = {
			isa = XCBuildConfiguration;
			buildSettings = {
				ALWAYS_SEARCH_USER_PATHS = NO;
				CLANG_CXX_LANGUAGE_STANDARD = "gnu++0x";
				CLANG_CXX_LIBRARY = "libc++";
				CLANG_ENABLE_MODULES = YES;
				CLANG_ENABLE_OBJC_ARC = YES;
				CLANG_WARN_BOOL_CONVERSION = YES;
				CLANG_WARN_CONSTANT_CONVERSION = YES;
				CLANG_WARN_DIRECT_OBJC_ISA_USAGE = YES_ERROR;
				CLANG_WARN_EMPTY_BODY = YES;
				CLANG_WARN_ENUM_CONVERSION = YES;
				CLANG_WARN_INT_CONVERSION = YES;
				CLANG_WARN_OBJC_ROOT_CLASS = YES_ERROR;
				CLANG_WARN_UNREACHABLE_CODE = YES;
				CLANG_WARN__DUPLICATE_METHOD_MATCH = YES;
				"CODE_SIGN_IDENTITY[sdk=iphoneos*]" = "iPhone Developer";
				COPY_PHASE_STRIP = NO;
				ENABLE_STRICT_OBJC_MSGSEND = YES;
				GCC_C_LANGUAGE_STANDARD = gnu99;
				GCC_DYNAMIC_NO_PIC = NO;
				GCC_OPTIMIZATION_LEVEL = 0;
				GCC_PREPROCESSOR_DEFINITIONS = (
					"DEBUG=1",
					"$(inherited)",
				);
				GCC_SYMBOLS_PRIVATE_EXTERN = NO;
				GCC_WARN_64_TO_32_BIT_CONVERSION = YES;
				GCC_WARN_ABOUT_RETURN_TYPE = YES_ERROR;
				GCC_WARN_UNDECLARED_SELECTOR = YES;
				GCC_WARN_UNINITIALIZED_AUTOS = YES_AGGRESSIVE;
				GCC_WARN_UNUSED_FUNCTION = YES;
				GCC_WARN_UNUSED_VARIABLE = YES;
				IPHONEOS_DEPLOYMENT_TARGET = 8.1;
				MTL_ENABLE_DEBUG_INFO = YES;
				ONLY_ACTIVE_ARCH = YES;
				SDKROOT = iphoneos;
				SWIFT_OPTIMIZATION_LEVEL = "-Onone";
				TARGETED_DEVICE_FAMILY = "1,2";
			};
			name = Debug;
		};
		2ED41AEC1AB50CFE00BA8CBE /* Release */ = {
			isa = XCBuildConfiguration;
			buildSettings = {
				ALWAYS_SEARCH_USER_PATHS = NO;
				CLANG_CXX_LANGUAGE_STANDARD = "gnu++0x";
				CLANG_CXX_LIBRARY = "libc++";
				CLANG_ENABLE_MODULES = YES;
				CLANG_ENABLE_OBJC_ARC = YES;
				CLANG_WARN_BOOL_CONVERSION = YES;
				CLANG_WARN_CONSTANT_CONVERSION = YES;
				CLANG_WARN_DIRECT_OBJC_ISA_USAGE = YES_ERROR;
				CLANG_WARN_EMPTY_BODY = YES;
				CLANG_WARN_ENUM_CONVERSION = YES;
				CLANG_WARN_INT_CONVERSION = YES;
				CLANG_WARN_OBJC_ROOT_CLASS = YES_ERROR;
				CLANG_WARN_UNREACHABLE_CODE = YES;
				CLANG_WARN__DUPLICATE_METHOD_MATCH = YES;
				"CODE_SIGN_IDENTITY[sdk=iphoneos*]" = "iPhone Developer";
				COPY_PHASE_STRIP = YES;
				ENABLE_NS_ASSERTIONS = NO;
				ENABLE_STRICT_OBJC_MSGSEND = YES;
				GCC_C_LANGUAGE_STANDARD = gnu99;
				GCC_WARN_64_TO_32_BIT_CONVERSION = YES;
				GCC_WARN_ABOUT_RETURN_TYPE = YES_ERROR;
				GCC_WARN_UNDECLARED_SELECTOR = YES;
				GCC_WARN_UNINITIALIZED_AUTOS = YES_AGGRESSIVE;
				GCC_WARN_UNUSED_FUNCTION = YES;
				GCC_WARN_UNUSED_VARIABLE = YES;
				IPHONEOS_DEPLOYMENT_TARGET = 8.1;
				MTL_ENABLE_DEBUG_INFO = NO;
				SDKROOT = iphoneos;
				TARGETED_DEVICE_FAMILY = "1,2";
				VALIDATE_PRODUCT = YES;
			};
			name = Release;
		};
		2ED41AEE1AB50CFE00BA8CBE /* Debug */ = {
			isa = XCBuildConfiguration;
			buildSettings = {
				ASSETCATALOG_COMPILER_APPICON_NAME = AppIcon;
				INFOPLIST_FILE = Animation/Info.plist;
				LD_RUNPATH_SEARCH_PATHS = "$(inherited) @executable_path/Frameworks";
				PRODUCT_NAME = "$(TARGET_NAME)";
			};
			name = Debug;
		};
		2ED41AEF1AB50CFE00BA8CBE /* Release */ = {
			isa = XCBuildConfiguration;
			buildSettings = {
				ASSETCATALOG_COMPILER_APPICON_NAME = AppIcon;
				INFOPLIST_FILE = Animation/Info.plist;
				LD_RUNPATH_SEARCH_PATHS = "$(inherited) @executable_path/Frameworks";
				PRODUCT_NAME = "$(TARGET_NAME)";
			};
			name = Release;
		};
		2ED41AF11AB50CFE00BA8CBE /* Debug */ = {
			isa = XCBuildConfiguration;
			buildSettings = {
				BUNDLE_LOADER = "$(TEST_HOST)";
				FRAMEWORK_SEARCH_PATHS = (
					"$(SDKROOT)/Developer/Library/Frameworks",
					"$(inherited)",
				);
				GCC_PREPROCESSOR_DEFINITIONS = (
					"DEBUG=1",
					"$(inherited)",
				);
				INFOPLIST_FILE = AnimationTests/Info.plist;
				LD_RUNPATH_SEARCH_PATHS = "$(inherited) @executable_path/Frameworks @loader_path/Frameworks";
				PRODUCT_NAME = "$(TARGET_NAME)";
				TEST_HOST = "$(BUILT_PRODUCTS_DIR)/Animation.app/Animation";
			};
			name = Debug;
		};
		2ED41AF21AB50CFE00BA8CBE /* Release */ = {
			isa = XCBuildConfiguration;
			buildSettings = {
				BUNDLE_LOADER = "$(TEST_HOST)";
				FRAMEWORK_SEARCH_PATHS = (
					"$(SDKROOT)/Developer/Library/Frameworks",
					"$(inherited)",
				);
				INFOPLIST_FILE = AnimationTests/Info.plist;
				LD_RUNPATH_SEARCH_PATHS = "$(inherited) @executable_path/Frameworks @loader_path/Frameworks";
				PRODUCT_NAME = "$(TARGET_NAME)";
				TEST_HOST = "$(BUILT_PRODUCTS_DIR)/Animation.app/Animation";
			};
			name = Release;
		};
/* End XCBuildConfiguration section */

/* Begin XCConfigurationList section */
		2ED41AC91AB50CFE00BA8CBE /* Build configuration list for PBXProject "Animation" */ = {
			isa = XCConfigurationList;
			buildConfigurations = (
				2ED41AEB1AB50CFE00BA8CBE /* Debug */,
				2ED41AEC1AB50CFE00BA8CBE /* Release */,
			);
			defaultConfigurationIsVisible = 0;
			defaultConfigurationName = Release;
		};
		2ED41AED1AB50CFE00BA8CBE /* Build configuration list for PBXNativeTarget "Animation" */ = {
			isa = XCConfigurationList;
			buildConfigurations = (
				2ED41AEE1AB50CFE00BA8CBE /* Debug */,
				2ED41AEF1AB50CFE00BA8CBE /* Release */,
			);
			defaultConfigurationIsVisible = 0;
		};
		2ED41AF01AB50CFE00BA8CBE /* Build configuration list for PBXNativeTarget "AnimationTests" */ = {
			isa = XCConfigurationList;
			buildConfigurations = (
				2ED41AF11AB50CFE00BA8CBE /* Debug */,
				2ED41AF21AB50CFE00BA8CBE /* Release */,
			);
			defaultConfigurationIsVisible = 0;
		};
/* End XCConfigurationList section */
	};
	rootObject = 2ED41AC61AB50CFE00BA8CBE /* Project object */;
}
